// !$*UTF8*$!
{
	archiveVersion = 1;
	classes = {
	};
	objectVersion = 48;
	objects = {

/* Begin PBXBuildFile section */
		60360C7720433DA100BCAB9A /* BeverageCell.swift in Sources */ = {isa = PBXBuildFile; fileRef = 60360C7620433DA100BCAB9A /* BeverageCell.swift */; };
		605E8F172031FAAF00AF4E4B /* AppDelegate.swift in Sources */ = {isa = PBXBuildFile; fileRef = 605E8F162031FAAF00AF4E4B /* AppDelegate.swift */; };
		605E8F192031FAAF00AF4E4B /* BeverageMenuViewController.swift in Sources */ = {isa = PBXBuildFile; fileRef = 605E8F182031FAAF00AF4E4B /* BeverageMenuViewController.swift */; };
		605E8F1C2031FAAF00AF4E4B /* Beverages.storyboard in Resources */ = {isa = PBXBuildFile; fileRef = 605E8F1A2031FAAF00AF4E4B /* Beverages.storyboard */; };
		605E8F1E2031FAAF00AF4E4B /* Assets.xcassets in Resources */ = {isa = PBXBuildFile; fileRef = 605E8F1D2031FAAF00AF4E4B /* Assets.xcassets */; };
		605E8F212031FAAF00AF4E4B /* LaunchScreen.storyboard in Resources */ = {isa = PBXBuildFile; fileRef = 605E8F1F2031FAAF00AF4E4B /* LaunchScreen.storyboard */; };
/* End PBXBuildFile section */

/* Begin PBXFileReference section */
		60360C7620433DA100BCAB9A /* BeverageCell.swift */ = {isa = PBXFileReference; lastKnownFileType = sourcecode.swift; path = BeverageCell.swift; sourceTree = "<group>"; };
		605E8F132031FAAF00AF4E4B /* AppBeverages.app */ = {isa = PBXFileReference; explicitFileType = wrapper.application; includeInIndex = 0; path = AppBeverages.app; sourceTree = BUILT_PRODUCTS_DIR; };
		605E8F162031FAAF00AF4E4B /* AppDelegate.swift */ = {isa = PBXFileReference; lastKnownFileType = sourcecode.swift; path = AppDelegate.swift; sourceTree = "<group>"; };
		605E8F182031FAAF00AF4E4B /* BeverageMenuViewController.swift */ = {isa = PBXFileReference; lastKnownFileType = sourcecode.swift; path = BeverageMenuViewController.swift; sourceTree = "<group>"; };
		605E8F1B2031FAAF00AF4E4B /* Base */ = {isa = PBXFileReference; lastKnownFileType = file.storyboard; name = Base; path = Base.lproj/Beverages.storyboard; sourceTree = "<group>"; };
		605E8F1D2031FAAF00AF4E4B /* Assets.xcassets */ = {isa = PBXFileReference; lastKnownFileType = folder.assetcatalog; path = Assets.xcassets; sourceTree = "<group>"; };
		605E8F202031FAAF00AF4E4B /* Base */ = {isa = PBXFileReference; lastKnownFileType = file.storyboard; name = Base; path = Base.lproj/LaunchScreen.storyboard; sourceTree = "<group>"; };
		605E8F222031FAAF00AF4E4B /* Info.plist */ = {isa = PBXFileReference; lastKnownFileType = text.plist.xml; path = Info.plist; sourceTree = "<group>"; };
/* End PBXFileReference section */

/* Begin PBXFrameworksBuildPhase section */
		605E8F102031FAAF00AF4E4B /* Frameworks */ = {
			isa = PBXFrameworksBuildPhase;
			buildActionMask = 2147483647;
			files = (
			);
			runOnlyForDeploymentPostprocessing = 0;
		};
/* End PBXFrameworksBuildPhase section */

/* Begin PBXGroup section */
		605E8F0A2031FAAF00AF4E4B = {
			isa = PBXGroup;
			children = (
				605E8F152031FAAF00AF4E4B /* AppBeverages */,
				605E8F142031FAAF00AF4E4B /* Products */,
			);
			sourceTree = "<group>";
		};
		605E8F142031FAAF00AF4E4B /* Products */ = {
			isa = PBXGroup;
			children = (
				605E8F132031FAAF00AF4E4B /* AppBeverages.app */,
			);
			name = Products;
			sourceTree = "<group>";
		};
		605E8F152031FAAF00AF4E4B /* AppBeverages */ = {
			isa = PBXGroup;
			children = (
				605E8F162031FAAF00AF4E4B /* AppDelegate.swift */,
				605E8F182031FAAF00AF4E4B /* BeverageMenuViewController.swift */,
				60360C7620433DA100BCAB9A /* BeverageCell.swift */,
				605E8F1A2031FAAF00AF4E4B /* Beverages.storyboard */,
				605E8F1D2031FAAF00AF4E4B /* Assets.xcassets */,
				605E8F1F2031FAAF00AF4E4B /* LaunchScreen.storyboard */,
				605E8F222031FAAF00AF4E4B /* Info.plist */,
			);
			path = AppBeverages;
			sourceTree = "<group>";
		};
/* End PBXGroup section */

/* Begin PBXNativeTarget section */
		605E8F122031FAAF00AF4E4B /* AppBeverages */ = {
			isa = PBXNativeTarget;
			buildConfigurationList = 605E8F252031FAAF00AF4E4B /* Build configuration list for PBXNativeTarget "AppBeverages" */;
			buildPhases = (
				605E8F0F2031FAAF00AF4E4B /* Sources */,
				605E8F102031FAAF00AF4E4B /* Frameworks */,
				605E8F112031FAAF00AF4E4B /* Resources */,
			);
			buildRules = (
			);
			dependencies = (
			);
			name = AppBeverages;
			productName = AppBeverages;
			productReference = 605E8F132031FAAF00AF4E4B /* AppBeverages.app */;
			productType = "com.apple.product-type.application";
		};
/* End PBXNativeTarget section */

/* Begin PBXProject section */
		605E8F0B2031FAAF00AF4E4B /* Project object */ = {
			isa = PBXProject;
			attributes = {
				LastSwiftUpdateCheck = 0920;
				LastUpgradeCheck = 0920;
				ORGANIZATIONNAME = TheKairuz;
				TargetAttributes = {
					605E8F122031FAAF00AF4E4B = {
						CreatedOnToolsVersion = 9.2;
						ProvisioningStyle = Automatic;
					};
				};
			};
			buildConfigurationList = 605E8F0E2031FAAF00AF4E4B /* Build configuration list for PBXProject "AppBeverages" */;
			compatibilityVersion = "Xcode 8.0";
			developmentRegion = en;
			hasScannedForEncodings = 0;
			knownRegions = (
				en,
				Base,
			);
			mainGroup = 605E8F0A2031FAAF00AF4E4B;
			productRefGroup = 605E8F142031FAAF00AF4E4B /* Products */;
			projectDirPath = "";
			projectRoot = "";
			targets = (
				605E8F122031FAAF00AF4E4B /* AppBeverages */,
			);
		};
/* End PBXProject section */

/* Begin PBXResourcesBuildPhase section */
		605E8F112031FAAF00AF4E4B /* Resources */ = {
			isa = PBXResourcesBuildPhase;
			buildActionMask = 2147483647;
			files = (
				605E8F212031FAAF00AF4E4B /* LaunchScreen.storyboard in Resources */,
				605E8F1E2031FAAF00AF4E4B /* Assets.xcassets in Resources */,
				605E8F1C2031FAAF00AF4E4B /* Beverages.storyboard in Resources */,
			);
			runOnlyForDeploymentPostprocessing = 0;
		};
/* End PBXResourcesBuildPhase section */

/* Begin PBXSourcesBuildPhase section */
		605E8F0F2031FAAF00AF4E4B /* Sources */ = {
			isa = PBXSourcesBuildPhase;
			buildActionMask = 2147483647;
			files = (
				60360C7720433DA100BCAB9A /* BeverageCell.swift in Sources */,
				605E8F192031FAAF00AF4E4B /* BeverageMenuViewController.swift in Sources */,
				605E8F172031FAAF00AF4E4B /* AppDelegate.swift in Sources */,
			);
			runOnlyForDeploymentPostprocessing = 0;
		};
/* End PBXSourcesBuildPhase section */

/* Begin PBXVariantGroup section */
		605E8F1A2031FAAF00AF4E4B /* Beverages.storyboard */ = {
			isa = PBXVariantGroup;
			children = (
				605E8F1B2031FAAF00AF4E4B /* Base */,
			);
			name = Beverages.storyboard;
			sourceTree = "<group>";
		};
		605E8F1F2031FAAF00AF4E4B /* LaunchScreen.storyboard */ = {
			isa = PBXVariantGroup;
			children = (
				605E8F202031FAAF00AF4E4B /* Base */,
			);
			name = LaunchScreen.storyboard;
			sourceTree = "<group>";
		};
/* End PBXVariantGroup section */

/* Begin XCBuildConfiguration section */
		605E8F232031FAAF00AF4E4B /* Debug */ = {
			isa = XCBuildConfiguration;
			buildSettings = {
				ALWAYS_SEARCH_USER_PATHS = NO;
				CLANG_ANALYZER_NONNULL = YES;
				CLANG_ANALYZER_NUMBER_OBJECT_CONVERSION = YES_AGGRESSIVE;
				CLANG_CXX_LANGUAGE_STANDARD = "gnu++14";
				CLANG_CXX_LIBRARY = "libc++";
				CLANG_ENABLE_MODULES = YES;
				CLANG_ENABLE_OBJC_ARC = YES;
				CLANG_WARN_BLOCK_CAPTURE_AUTORELEASING = YES;
				CLANG_WARN_BOOL_CONVERSION = YES;
				CLANG_WARN_COMMA = YES;
				CLANG_WARN_CONSTANT_CONVERSION = YES;
				CLANG_WARN_DIRECT_OBJC_ISA_USAGE = YES_ERROR;
				CLANG_WARN_DOCUMENTATION_COMMENTS = YES;
				CLANG_WARN_EMPTY_BODY = YES;
				CLANG_WARN_ENUM_CONVERSION = YES;
				CLANG_WARN_INFINITE_RECURSION = YES;
				CLANG_WARN_INT_CONVERSION = YES;
				CLANG_WARN_NON_LITERAL_NULL_CONVERSION = YES;
				CLANG_WARN_OBJC_LITERAL_CONVERSION = YES;
				CLANG_WARN_OBJC_ROOT_CLASS = YES_ERROR;
				CLANG_WARN_RANGE_LOOP_ANALYSIS = YES;
				CLANG_WARN_STRICT_PROTOTYPES = YES;
				CLANG_WARN_SUSPICIOUS_MOVE = YES;
				CLANG_WARN_UNGUARDED_AVAILABILITY = YES_AGGRESSIVE;
				CLANG_WARN_UNREACHABLE_CODE = YES;
				CLANG_WARN__DUPLICATE_METHOD_MATCH = YES;
				CODE_SIGN_IDENTITY = "iPhone Developer";
				COPY_PHASE_STRIP = NO;
				DEBUG_INFORMATION_FORMAT = dwarf;
				ENABLE_STRICT_OBJC_MSGSEND = YES;
				ENABLE_TESTABILITY = YES;
				GCC_C_LANGUAGE_STANDARD = gnu11;
				GCC_DYNAMIC_NO_PIC = NO;
				GCC_NO_COMMON_BLOCKS = YES;
				GCC_OPTIMIZATION_LEVEL = 0;
				GCC_PREPROCESSOR_DEFINITIONS = (
					"DEBUG=1",
					"$(inherited)",
				);
				GCC_WARN_64_TO_32_BIT_CONVERSION = YES;
				GCC_WARN_ABOUT_RETURN_TYPE = YES_ERROR;
				GCC_WARN_UNDECLARED_SELECTOR = YES;
				GCC_WARN_UNINITIALIZED_AUTOS = YES_AGGRESSIVE;
				GCC_WARN_UNUSED_FUNCTION = YES;
				GCC_WARN_UNUSED_VARIABLE = YES;
				IPHONEOS_DEPLOYMENT_TARGET = 11.2;
				MTL_ENABLE_DEBUG_INFO = YES;
				ONLY_ACTIVE_ARCH = YES;
				SDKROOT = iphoneos;
				SWIFT_ACTIVE_COMPILATION_CONDITIONS = DEBUG;
				SWIFT_OPTIMIZATION_LEVEL = "-Onone";
			};
			name = Debug;
		};
		605E8F242031FAAF00AF4E4B /* Release */ = {
			isa = XCBuildConfiguration;
			buildSettings = {
				ALWAYS_SEARCH_USER_PATHS = NO;
				CLANG_ANALYZER_NONNULL = YES;
				CLANG_ANALYZER_NUMBER_OBJECT_CONVERSION = YES_AGGRESSIVE;
				CLANG_CXX_LANGUAGE_STANDARD = "gnu++14";
				CLANG_CXX_LIBRARY = "libc++";
				CLANG_ENABLE_MODULES = YES;
				CLANG_ENABLE_OBJC_ARC = YES;
				CLANG_WARN_BLOCK_CAPTURE_AUTORELEASING = YES;
				CLANG_WARN_BOOL_CONVERSION = YES;
				CLANG_WARN_COMMA = YES;
				CLANG_WARN_CONSTANT_CONVERSION = YES;
				CLANG_WARN_DIRECT_OBJC_ISA_USAGE = YES_ERROR;
				CLANG_WARN_DOCUMENTATION_COMMENTS = YES;
				CLANG_WARN_EMPTY_BODY = YES;
				CLANG_WARN_ENUM_CONVERSION = YES;
				CLANG_WARN_INFINITE_RECURSION = YES;
				CLANG_WARN_INT_CONVERSION = YES;
				CLANG_WARN_NON_LITERAL_NULL_CONVERSION = YES;
				CLANG_WARN_OBJC_LITERAL_CONVERSION = YES;
				CLANG_WARN_OBJC_ROOT_CLASS = YES_ERROR;
				CLANG_WARN_RANGE_LOOP_ANALYSIS = YES;
				CLANG_WARN_STRICT_PROTOTYPES = YES;
				CLANG_WARN_SUSPICIOUS_MOVE = YES;
				CLANG_WARN_UNGUARDED_AVAILABILITY = YES_AGGRESSIVE;
				CLANG_WARN_UNREACHABLE_CODE = YES;
				CLANG_WARN__DUPLICATE_METHOD_MATCH = YES;
				CODE_SIGN_IDENTITY = "iPhone Developer";
				COPY_PHASE_STRIP = NO;
				DEBUG_INFORMATION_FORMAT = "dwarf-with-dsym";
				ENABLE_NS_ASSERTIONS = NO;
				ENABLE_STRICT_OBJC_MSGSEND = YES;
				GCC_C_LANGUAGE_STANDARD = gnu11;
				GCC_NO_COMMON_BLOCKS = YES;
				GCC_WARN_64_TO_32_BIT_CONVERSION = YES;
				GCC_WARN_ABOUT_RETURN_TYPE = YES_ERROR;
				GCC_WARN_UNDECLARED_SELECTOR = YES;
				GCC_WARN_UNINITIALIZED_AUTOS = YES_AGGRESSIVE;
				GCC_WARN_UNUSED_FUNCTION = YES;
				GCC_WARN_UNUSED_VARIABLE = YES;
				IPHONEOS_DEPLOYMENT_TARGET = 11.2;
				MTL_ENABLE_DEBUG_INFO = NO;
				SDKROOT = iphoneos;
				SWIFT_OPTIMIZATION_LEVEL = "-Owholemodule";
				VALIDATE_PRODUCT = YES;
			};
			name = Release;
		};
		605E8F262031FAAF00AF4E4B /* Debug */ = {
			isa = XCBuildConfiguration;
			buildSettings = {
				ASSETCATALOG_COMPILER_APPICON_NAME = AppIcon;
				CODE_SIGN_STYLE = Automatic;
				DEVELOPMENT_TEAM = U4J2U6VS3H;
				INFOPLIST_FILE = AppBeverages/Info.plist;
				LD_RUNPATH_SEARCH_PATHS = "$(inherited) @executable_path/Frameworks";
				PRODUCT_BUNDLE_IDENTIFIER = com.thekairuz.AppBeverages;
				PRODUCT_NAME = "$(TARGET_NAME)";
				SWIFT_VERSION = 4.0;
				TARGETED_DEVICE_FAMILY = "1,2";
			};
			name = Debug;
		};
		605E8F272031FAAF00AF4E4B /* Release */ = {
			isa = XCBuildConfiguration;
			buildSettings = {
				ASSETCATALOG_COMPILER_APPICON_NAME = AppIcon;
				CODE_SIGN_STYLE = Automatic;
				DEVELOPMENT_TEAM = U4J2U6VS3H;
				INFOPLIST_FILE = AppBeverages/Info.plist;
				LD_RUNPATH_SEARCH_PATHS = "$(inherited) @executable_path/Frameworks";
				PRODUCT_BUNDLE_IDENTIFIER = com.thekairuz.AppBeverages;
				PRODUCT_NAME = "$(TARGET_NAME)";
				SWIFT_VERSION = 4.0;
				TARGETED_DEVICE_FAMILY = "1,2";
			};
			name = Release;
		};
/* End XCBuildConfiguration section */

/* Begin XCConfigurationList section */
		605E8F0E2031FAAF00AF4E4B /* Build configuration list for PBXProject "AppBeverages" */ = {
			isa = XCConfigurationList;
			buildConfigurations = (
				605E8F232031FAAF00AF4E4B /* Debug */,
				605E8F242031FAAF00AF4E4B /* Release */,
			);
			defaultConfigurationIsVisible = 0;
			defaultConfigurationName = Release;
		};
		605E8F252031FAAF00AF4E4B /* Build configuration list for PBXNativeTarget "AppBeverages" */ = {
			isa = XCConfigurationList;
			buildConfigurations = (
				605E8F262031FAAF00AF4E4B /* Debug */,
				605E8F272031FAAF00AF4E4B /* Release */,
			);
			defaultConfigurationIsVisible = 0;
			defaultConfigurationName = Release;
		};
/* End XCConfigurationList section */
	};
	rootObject = 605E8F0B2031FAAF00AF4E4B /* Project object */;
}
